
Microsoft Visual Studio Solution File, Format Version 12.00
# Visual Studio Version 16
VisualStudioVersion = 16.0.31025.194
MinimumVisualStudioVersion = 10.0.40219.1
Project("{FAE04EC0-301F-11D3-BF4B-00C04F79EFBC}") = "RazorPagesTemperature", "RazorPagesTemperature.csproj", "{DF38C465-29D6-4AE7-8405-B8A4E1D59A8B}"
EndProject
Global
	GlobalSection(SolutionConfigurationPlatforms) = preSolution
		Debug|Any CPU = Debug|Any CPU
		Release|Any CPU = Release|Any CPU
	EndGlobalSection
	GlobalSection(ProjectConfigurationPlatforms) = postSolution
		{DF38C465-29D6-4AE7-8405-B8A4E1D59A8B}.Debug|Any CPU.ActiveCfg = Debug|Any CPU
		{DF38C465-29D6-4AE7-8405-B8A4E1D59A8B}.Debug|Any CPU.Build.0 = Debug|Any CPU
		{DF38C465-29D6-4AE7-8405-B8A4E1D59A8B}.Release|Any CPU.ActiveCfg = Release|Any CPU
		{DF38C465-29D6-4AE7-8405-B8A4E1D59A8B}.Release|Any CPU.Build.0 = Release|Any CPU
	EndGlobalSection
	GlobalSection(SolutionProperties) = preSolution
		HideSolutionNode = FALSE
	EndGlobalSection
	GlobalSection(ExtensibilityGlobals) = postSolution
		SolutionGuid = {CEDCDF6B-6229-4AA0-9DF5-252EA8C242BE}
	EndGlobalSection
EndGlobal
